{
  "lockfileVersion": 1,
  "workspaces": {
    "": {
      "name": "@types/slot-cars",
      "devDependencies": {
        "typescript": "^5.8.3",
        "zod": "^3.24.3",
      },
      "peerDependencies": {
        "zod": "^3.24.3",
      },
    },
  },
  "packages": {
    "typescript": ["typescript@5.8.3", "", { "bin": { "tsc": "bin/tsc", "tsserver": "bin/tsserver" } }, "sha512-p1diW6TqL9L07nNxvRMM7hMMw4c5XOo/1ibL4aAIGmSAt9slTE1Xgw5KWuof2uTOvCg9BY7ZRi+GaF+7sfgPeQ=="],

    "zod": ["zod@3.24.3", "", {}, "sha512-HhY1oqzWCQWuUqvBFnsyrtZRhyPeR7SUGv+C4+MsisMuVfSPx8HpwWqH8tRahSlt6M3PiFAcoeFhZAqIXTxoSg=="],
  }
}
